# This file is automatically @generated by Cargo.
# It is not intended for manual editing.
version = 4

[[package]]
name = "domain"
version = "0.1.0"

[[package]]
name = "exchange-core"
version = "0.1.0"
dependencies = [
 "domain",
]

[[package]]
name = "ledger"
version = "0.1.0"
dependencies = [
 "domain",
]

[[package]]
name = "orchestrator"
version = "0.1.0"
dependencies = [
 "domain",
 "exchange-core",
 "ledger",
]
